{
  "object": {
    "pins": [
      {
        "package": "EventSource",
        "repositoryURL": "https://github.com/euwars/EventSource",
        "state": {
          "branch": null,
          "revision": "b5c8ab7692fbc1b7b45f9bb0eff81d2c5b5e50bb",
          "version": null
        }
      }
    ]
  },
  "version": 1
}
